
Microsoft Visual Studio Solution File, Format Version 12.00
# Visual Studio Version 17
VisualStudioVersion = 17.11.35303.130
MinimumVisualStudioVersion = 10.0.40219.1
Project("{FAE04EC0-301F-11D3-BF4B-00C04F79EFBC}") = "GUI CW", "GUI CW.csproj", "{DE9E5466-EA93-4B19-AD10-AE5AB893EC09}"
EndProject
Global
	GlobalSection(SolutionConfigurationPlatforms) = preSolution
		Debug|Any CPU = Debug|Any CPU
		Release|Any CPU = Release|Any CPU
	EndGlobalSection
	GlobalSection(ProjectConfigurationPlatforms) = postSolution
		{DE9E5466-EA93-4B19-AD10-AE5AB893EC09}.Debug|Any CPU.ActiveCfg = Debug|Any CPU
		{DE9E5466-EA93-4B19-AD10-AE5AB893EC09}.Debug|Any CPU.Build.0 = Debug|Any CPU
		{DE9E5466-EA93-4B19-AD10-AE5AB893EC09}.Release|Any CPU.ActiveCfg = Release|Any CPU
		{DE9E5466-EA93-4B19-AD10-AE5AB893EC09}.Release|Any CPU.Build.0 = Release|Any CPU
	EndGlobalSection
	GlobalSection(SolutionProperties) = preSolution
		HideSolutionNode = FALSE
	EndGlobalSection
	GlobalSection(ExtensibilityGlobals) = postSolution
		SolutionGuid = {E88F0438-F414-4AB6-9C4C-E0F5FFAEA0A0}
	EndGlobalSection
EndGlobal
